<Solution>
  <Configurations>
    <BuildType Name="Debug" />
    <BuildType Name="Release" />
    <BuildType Name="ReleasePack" />
    <BuildType Name="ReleaseUpgrade" />
  </Configurations>
  <Folder Name="/Solution Items/">
    <File Path=".editorconfig" />
  </Folder>
  <Project Path="Source/Google Play Games - Library.csproj" Id="2351b5c1-6e28-4b79-a1d9-90fda53b5417" />
</Solution>
